
Microsoft Visual Studio Solution File, Format Version 12.00
# Visual Studio Version 17
VisualStudioVersion = 17.7.34024.191
MinimumVisualStudioVersion = 10.0.40219.1
Project("{FAE04EC0-301F-11D3-BF4B-00C04F79EFBC}") = "Practica 10", "Practica 10\Practica 10.csproj", "{989E1272-9A0D-4C6A-856E-4F3816A4518D}"
EndProject
Global
	GlobalSection(SolutionConfigurationPlatforms) = preSolution
		Debug|Any CPU = Debug|Any CPU
		Release|Any CPU = Release|Any CPU
	EndGlobalSection
	GlobalSection(ProjectConfigurationPlatforms) = postSolution
		{989E1272-9A0D-4C6A-856E-4F3816A4518D}.Debug|Any CPU.ActiveCfg = Debug|Any CPU
		{989E1272-9A0D-4C6A-856E-4F3816A4518D}.Debug|Any CPU.Build.0 = Debug|Any CPU
		{989E1272-9A0D-4C6A-856E-4F3816A4518D}.Release|Any CPU.ActiveCfg = Release|Any CPU
		{989E1272-9A0D-4C6A-856E-4F3816A4518D}.Release|Any CPU.Build.0 = Release|Any CPU
	EndGlobalSection
	GlobalSection(SolutionProperties) = preSolution
		HideSolutionNode = FALSE
	EndGlobalSection
	GlobalSection(ExtensibilityGlobals) = postSolution
		SolutionGuid = {2D6DE71A-BC4C-4CA5-A72C-78F44311514E}
	EndGlobalSection
EndGlobal
