
Microsoft Visual Studio Solution File, Format Version 12.00
# Visual Studio Version 17
VisualStudioVersion = 17.7.34024.191
MinimumVisualStudioVersion = 10.0.40219.1
Project("{FAE04EC0-301F-11D3-BF4B-00C04F79EFBC}") = "Actividad 9-10", "Actividad 9-10\Actividad 9-10.csproj", "{059B9913-9F34-46B3-9AB5-032604C72CF1}"
EndProject
Global
	GlobalSection(SolutionConfigurationPlatforms) = preSolution
		Debug|Any CPU = Debug|Any CPU
		Release|Any CPU = Release|Any CPU
	EndGlobalSection
	GlobalSection(ProjectConfigurationPlatforms) = postSolution
		{059B9913-9F34-46B3-9AB5-032604C72CF1}.Debug|Any CPU.ActiveCfg = Debug|Any CPU
		{059B9913-9F34-46B3-9AB5-032604C72CF1}.Debug|Any CPU.Build.0 = Debug|Any CPU
		{059B9913-9F34-46B3-9AB5-032604C72CF1}.Release|Any CPU.ActiveCfg = Release|Any CPU
		{059B9913-9F34-46B3-9AB5-032604C72CF1}.Release|Any CPU.Build.0 = Release|Any CPU
	EndGlobalSection
	GlobalSection(SolutionProperties) = preSolution
		HideSolutionNode = FALSE
	EndGlobalSection
	GlobalSection(ExtensibilityGlobals) = postSolution
		SolutionGuid = {2405ABDC-92A0-412D-A6E4-CD491E574E64}
	EndGlobalSection
EndGlobal
